PODS:
  - EPNaverMapClustering (0.1.0):
    - NMapsMap
  - NMapsMap (3.5.0)

DEPENDENCIES:
  - EPNaverMapClustering (from `../`)
  - NMapsMap

SPEC REPOS:
  https://github.com/cocoapods/specs.git:
    - NMapsMap

EXTERNAL SOURCES:
  EPNaverMapClustering:
    :path: "../"

SPEC CHECKSUMS:
  EPNaverMapClustering: 22453a972ba54d1cdba23b4053bf0e3e8e9a869f
  NMapsMap: ec883e061245e3636d12640fec4dbb7de5659146

PODFILE CHECKSUM: e4b0c843b02f280c4b47b27a4cb87d8142377bc2

COCOAPODS: 1.7.4
